
Microsoft Visual Studio Solution File, Format Version 12.00
# Visual Studio Version 17
VisualStudioVersion = 17.5.33627.172
MinimumVisualStudioVersion = 10.0.40219.1
Project("{FAE04EC0-301F-11D3-BF4B-00C04F79EFBC}") = "Launcher", "Launcher.csproj", "{B76D66CD-EC74-4B38-999F-BEF3D754499B}"
EndProject
Global
	GlobalSection(SolutionConfigurationPlatforms) = preSolution
		Debug|Any CPU = Debug|Any CPU
		Release|Any CPU = Release|Any CPU
	EndGlobalSection
	GlobalSection(ProjectConfigurationPlatforms) = postSolution
		{B76D66CD-EC74-4B38-999F-BEF3D754499B}.Debug|Any CPU.ActiveCfg = Debug|Any CPU
		{B76D66CD-EC74-4B38-999F-BEF3D754499B}.Debug|Any CPU.Build.0 = Debug|Any CPU
		{B76D66CD-EC74-4B38-999F-BEF3D754499B}.Release|Any CPU.ActiveCfg = Release|Any CPU
		{B76D66CD-EC74-4B38-999F-BEF3D754499B}.Release|Any CPU.Build.0 = Release|Any CPU
	EndGlobalSection
	GlobalSection(SolutionProperties) = preSolution
		HideSolutionNode = FALSE
	EndGlobalSection
	GlobalSection(ExtensibilityGlobals) = postSolution
		SolutionGuid = {9CCBAE8E-8597-4E72-96C7-A484BF8AE8F6}
	EndGlobalSection
EndGlobal
